
Microsoft Visual Studio Solution File, Format Version 11.00
# Visual Studio 2010
Project("{FAE04EC0-301F-11D3-BF4B-00C04F79EFBC}") = "WP7Caps", "WP7Caps\WP7Caps.csproj", "{3F02A819-D957-4EAA-8E6E-90B78E1AF352}"
EndProject
Project("{FAE04EC0-301F-11D3-BF4B-00C04F79EFBC}") = "WP7Caps.Client", "WP7Caps.Client\WP7Caps.Client.csproj", "{F643CFA9-CB71-4C1A-AE74-5BB1D13D287A}"
	ProjectSection(ProjectDependencies) = postProject
		{3F02A819-D957-4EAA-8E6E-90B78E1AF352} = {3F02A819-D957-4EAA-8E6E-90B78E1AF352}
	EndProjectSection
EndProject
Global
	GlobalSection(SolutionConfigurationPlatforms) = preSolution
		Debug|Any CPU = Debug|Any CPU
		Release|Any CPU = Release|Any CPU
	EndGlobalSection
	GlobalSection(ProjectConfigurationPlatforms) = postSolution
		{3F02A819-D957-4EAA-8E6E-90B78E1AF352}.Debug|Any CPU.ActiveCfg = Debug|Any CPU
		{3F02A819-D957-4EAA-8E6E-90B78E1AF352}.Debug|Any CPU.Build.0 = Debug|Any CPU
		{3F02A819-D957-4EAA-8E6E-90B78E1AF352}.Release|Any CPU.ActiveCfg = Release|Any CPU
		{3F02A819-D957-4EAA-8E6E-90B78E1AF352}.Release|Any CPU.Build.0 = Release|Any CPU
		{F643CFA9-CB71-4C1A-AE74-5BB1D13D287A}.Debug|Any CPU.ActiveCfg = Debug|Any CPU
		{F643CFA9-CB71-4C1A-AE74-5BB1D13D287A}.Debug|Any CPU.Build.0 = Debug|Any CPU
		{F643CFA9-CB71-4C1A-AE74-5BB1D13D287A}.Debug|Any CPU.Deploy.0 = Debug|Any CPU
		{F643CFA9-CB71-4C1A-AE74-5BB1D13D287A}.Release|Any CPU.ActiveCfg = Release|Any CPU
		{F643CFA9-CB71-4C1A-AE74-5BB1D13D287A}.Release|Any CPU.Build.0 = Release|Any CPU
		{F643CFA9-CB71-4C1A-AE74-5BB1D13D287A}.Release|Any CPU.Deploy.0 = Release|Any CPU
	EndGlobalSection
	GlobalSection(SolutionProperties) = preSolution
		HideSolutionNode = FALSE
	EndGlobalSection
EndGlobal
